// !$*UTF8*$!
{
	archiveVersion = 1;
	classes = {
	};
	objectVersion = 46;
	objects = {

/* Begin PBXBuildFile section */
		457BA0DA1BFBDCF600089442 /* main.m in Sources */ = {isa = PBXBuildFile; fileRef = 457BA0D91BFBDCF600089442 /* main.m */; };
		457BA0DD1BFBDCF600089442 /* AppDelegate.m in Sources */ = {isa = PBXBuildFile; fileRef = 457BA0DC1BFBDCF600089442 /* AppDelegate.m */; };
		457BA0E01BFBDCF600089442 /* ViewController.m in Sources */ = {isa = PBXBuildFile; fileRef = 457BA0DF1BFBDCF600089442 /* ViewController.m */; };
		457BA0E31BFBDCF600089442 /* Main.storyboard in Resources */ = {isa = PBXBuildFile; fileRef = 457BA0E11BFBDCF600089442 /* Main.storyboard */; };
		457BA0E51BFBDCF600089442 /* Assets.xcassets in Resources */ = {isa = PBXBuildFile; fileRef = 457BA0E41BFBDCF600089442 /* Assets.xcassets */; };
		457BA0E81BFBDCF600089442 /* LaunchScreen.storyboard in Resources */ = {isa = PBXBuildFile; fileRef = 457BA0E61BFBDCF600089442 /* LaunchScreen.storyboard */; };
/* End PBXBuildFile section */

/* Begin PBXFileReference section */
		457BA0D51BFBDCF600089442 /* ABA Gene Explorer.app */ = {isa = PBXFileReference; explicitFileType = wrapper.application; includeInIndex = 0; path = "ABA Gene Explorer.app"; sourceTree = BUILT_PRODUCTS_DIR; };
		457BA0D91BFBDCF600089442 /* main.m */ = {isa = PBXFileReference; lastKnownFileType = sourcecode.c.objc; path = main.m; sourceTree = "<group>"; };
		457BA0DB1BFBDCF600089442 /* AppDelegate.h */ = {isa = PBXFileReference; lastKnownFileType = sourcecode.c.h; path = AppDelegate.h; sourceTree = "<group>"; };
		457BA0DC1BFBDCF600089442 /* AppDelegate.m */ = {isa = PBXFileReference; lastKnownFileType = sourcecode.c.objc; path = AppDelegate.m; sourceTree = "<group>"; };
		457BA0DE1BFBDCF600089442 /* ViewController.h */ = {isa = PBXFileReference; lastKnownFileType = sourcecode.c.h; path = ViewController.h; sourceTree = "<group>"; };
		457BA0DF1BFBDCF600089442 /* ViewController.m */ = {isa = PBXFileReference; lastKnownFileType = sourcecode.c.objc; path = ViewController.m; sourceTree = "<group>"; };
		457BA0E21BFBDCF600089442 /* Base */ = {isa = PBXFileReference; lastKnownFileType = file.storyboard; name = Base; path = Base.lproj/Main.storyboard; sourceTree = "<group>"; };
		457BA0E41BFBDCF600089442 /* Assets.xcassets */ = {isa = PBXFileReference; lastKnownFileType = folder.assetcatalog; path = Assets.xcassets; sourceTree = "<group>"; };
		457BA0E71BFBDCF600089442 /* Base */ = {isa = PBXFileReference; lastKnownFileType = file.storyboard; name = Base; path = Base.lproj/LaunchScreen.storyboard; sourceTree = "<group>"; };
		457BA0E91BFBDCF600089442 /* Info.plist */ = {isa = PBXFileReference; lastKnownFileType = text.plist.xml; path = Info.plist; sourceTree = "<group>"; };
/* End PBXFileReference section */

/* Begin PBXFrameworksBuildPhase section */
		457BA0D21BFBDCF600089442 /* Frameworks */ = {
			isa = PBXFrameworksBuildPhase;
			buildActionMask = 2147483647;
			files = (
			);
			runOnlyForDeploymentPostprocessing = 0;
		};
/* End PBXFrameworksBuildPhase section */

/* Begin PBXGroup section */
		457BA0CC1BFBDCF500089442 = {
			isa = PBXGroup;
			children = (
				457BA0D71BFBDCF600089442 /* ABA Gene Explorer */,
				457BA0D61BFBDCF600089442 /* Products */,
			);
			sourceTree = "<group>";
		};
		457BA0D61BFBDCF600089442 /* Products */ = {
			isa = PBXGroup;
			children = (
				457BA0D51BFBDCF600089442 /* ABA Gene Explorer.app */,
			);
			name = Products;
			sourceTree = "<group>";
		};
		457BA0D71BFBDCF600089442 /* ABA Gene Explorer */ = {
			isa = PBXGroup;
			children = (
				457BA0DB1BFBDCF600089442 /* AppDelegate.h */,
				457BA0DC1BFBDCF600089442 /* AppDelegate.m */,
				457BA0DE1BFBDCF600089442 /* ViewController.h */,
				457BA0DF1BFBDCF600089442 /* ViewController.m */,
				457BA0E11BFBDCF600089442 /* Main.storyboard */,
				457BA0E41BFBDCF600089442 /* Assets.xcassets */,
				457BA0E61BFBDCF600089442 /* LaunchScreen.storyboard */,
				457BA0E91BFBDCF600089442 /* Info.plist */,
				457BA0D81BFBDCF600089442 /* Supporting Files */,
			);
			path = "ABA Gene Explorer";
			sourceTree = "<group>";
		};
		457BA0D81BFBDCF600089442 /* Supporting Files */ = {
			isa = PBXGroup;
			children = (
				457BA0D91BFBDCF600089442 /* main.m */,
			);
			name = "Supporting Files";
			sourceTree = "<group>";
		};
/* End PBXGroup section */

/* Begin PBXNativeTarget section */
		457BA0D41BFBDCF600089442 /* ABA Gene Explorer */ = {
			isa = PBXNativeTarget;
			buildConfigurationList = 457BA0EC1BFBDCF600089442 /* Build configuration list for PBXNativeTarget "ABA Gene Explorer" */;
			buildPhases = (
				457BA0D11BFBDCF600089442 /* Sources */,
				457BA0D21BFBDCF600089442 /* Frameworks */,
				457BA0D31BFBDCF600089442 /* Resources */,
			);
			buildRules = (
			);
			dependencies = (
			);
			name = "ABA Gene Explorer";
			productName = "ABA Gene Explorer";
			productReference = 457BA0D51BFBDCF600089442 /* ABA Gene Explorer.app */;
			productType = "com.apple.product-type.application";
		};
/* End PBXNativeTarget section */

/* Begin PBXProject section */
		457BA0CD1BFBDCF600089442 /* Project object */ = {
			isa = PBXProject;
			attributes = {
				LastUpgradeCheck = 0710;
				ORGANIZATIONNAME = "Fresh Peach Studios";
				TargetAttributes = {
					457BA0D41BFBDCF600089442 = {
						CreatedOnToolsVersion = 7.1.1;
					};
				};
			};
			buildConfigurationList = 457BA0D01BFBDCF600089442 /* Build configuration list for PBXProject "ABA Gene Explorer" */;
			compatibilityVersion = "Xcode 3.2";
			developmentRegion = English;
			hasScannedForEncodings = 0;
			knownRegions = (
				en,
				Base,
			);
			mainGroup = 457BA0CC1BFBDCF500089442;
			productRefGroup = 457BA0D61BFBDCF600089442 /* Products */;
			projectDirPath = "";
			projectRoot = "";
			targets = (
				457BA0D41BFBDCF600089442 /* ABA Gene Explorer */,
			);
		};
/* End PBXProject section */

/* Begin PBXResourcesBuildPhase section */
		457BA0D31BFBDCF600089442 /* Resources */ = {
			isa = PBXResourcesBuildPhase;
			buildActionMask = 2147483647;
			files = (
				457BA0E81BFBDCF600089442 /* LaunchScreen.storyboard in Resources */,
				457BA0E51BFBDCF600089442 /* Assets.xcassets in Resources */,
				457BA0E31BFBDCF600089442 /* Main.storyboard in Resources */,
			);
			runOnlyForDeploymentPostprocessing = 0;
		};
/* End PBXResourcesBuildPhase section */

/* Begin PBXSourcesBuildPhase section */
		457BA0D11BFBDCF600089442 /* Sources */ = {
			isa = PBXSourcesBuildPhase;
			buildActionMask = 2147483647;
			files = (
				457BA0E01BFBDCF600089442 /* ViewController.m in Sources */,
				457BA0DD1BFBDCF600089442 /* AppDelegate.m in Sources */,
				457BA0DA1BFBDCF600089442 /* main.m in Sources */,
			);
			runOnlyForDeploymentPostprocessing = 0;
		};
/* End PBXSourcesBuildPhase section */

/* Begin PBXVariantGroup section */
		457BA0E11BFBDCF600089442 /* Main.storyboard */ = {
			isa = PBXVariantGroup;
			children = (
				457BA0E21BFBDCF600089442 /* Base */,
			);
			name = Main.storyboard;
			sourceTree = "<group>";
		};
		457BA0E61BFBDCF600089442 /* LaunchScreen.storyboard */ = {
			isa = PBXVariantGroup;
			children = (
				457BA0E71BFBDCF600089442 /* Base */,
			);
			name = LaunchScreen.storyboard;
			sourceTree = "<group>";
		};
/* End PBXVariantGroup section */

/* Begin XCBuildConfiguration section */
		457BA0EA1BFBDCF600089442 /* Debug */ = {
			isa = XCBuildConfiguration;
			buildSettings = {
				ALWAYS_SEARCH_USER_PATHS = NO;
				CLANG_CXX_LANGUAGE_STANDARD = "gnu++0x";
				CLANG_CXX_LIBRARY = "libc++";
				CLANG_ENABLE_MODULES = YES;
				CLANG_ENABLE_OBJC_ARC = YES;
				CLANG_WARN_BOOL_CONVERSION = YES;
				CLANG_WARN_CONSTANT_CONVERSION = YES;
				CLANG_WARN_DIRECT_OBJC_ISA_USAGE = YES_ERROR;
				CLANG_WARN_EMPTY_BODY = YES;
				CLANG_WARN_ENUM_CONVERSION = YES;
				CLANG_WARN_INT_CONVERSION = YES;
				CLANG_WARN_OBJC_ROOT_CLASS = YES_ERROR;
				CLANG_WARN_UNREACHABLE_CODE = YES;
				CLANG_WARN__DUPLICATE_METHOD_MATCH = YES;
				"CODE_SIGN_IDENTITY[sdk=iphoneos*]" = "iPhone Developer";
				COPY_PHASE_STRIP = NO;
				DEBUG_INFORMATION_FORMAT = dwarf;
				ENABLE_STRICT_OBJC_MSGSEND = YES;
				ENABLE_TESTABILITY = YES;
				GCC_C_LANGUAGE_STANDARD = gnu99;
				GCC_DYNAMIC_NO_PIC = NO;
				GCC_NO_COMMON_BLOCKS = YES;
				GCC_OPTIMIZATION_LEVEL = 0;
				GCC_PREPROCESSOR_DEFINITIONS = (
					"DEBUG=1",
					"$(inherited)",
				);
				GCC_WARN_64_TO_32_BIT_CONVERSION = YES;
				GCC_WARN_ABOUT_RETURN_TYPE = YES_ERROR;
				GCC_WARN_UNDECLARED_SELECTOR = YES;
				GCC_WARN_UNINITIALIZED_AUTOS = YES_AGGRESSIVE;
				GCC_WARN_UNUSED_FUNCTION = YES;
				GCC_WARN_UNUSED_VARIABLE = YES;
				IPHONEOS_DEPLOYMENT_TARGET = 9.1;
				MTL_ENABLE_DEBUG_INFO = YES;
				ONLY_ACTIVE_ARCH = YES;
				SDKROOT = iphoneos;
				TARGETED_DEVICE_FAMILY = "1,2";
			};
			name = Debug;
		};
		457BA0EB1BFBDCF600089442 /* Release */ = {
			isa = XCBuildConfiguration;
			buildSettings = {
				ALWAYS_SEARCH_USER_PATHS = NO;
				CLANG_CXX_LANGUAGE_STANDARD = "gnu++0x";
				CLANG_CXX_LIBRARY = "libc++";
				CLANG_ENABLE_MODULES = YES;
				CLANG_ENABLE_OBJC_ARC = YES;
				CLANG_WARN_BOOL_CONVERSION = YES;
				CLANG_WARN_CONSTANT_CONVERSION = YES;
				CLANG_WARN_DIRECT_OBJC_ISA_USAGE = YES_ERROR;
				CLANG_WARN_EMPTY_BODY = YES;
				CLANG_WARN_ENUM_CONVERSION = YES;
				CLANG_WARN_INT_CONVERSION = YES;
				CLANG_WARN_OBJC_ROOT_CLASS = YES_ERROR;
				CLANG_WARN_UNREACHABLE_CODE = YES;
				CLANG_WARN__DUPLICATE_METHOD_MATCH = YES;
				"CODE_SIGN_IDENTITY[sdk=iphoneos*]" = "iPhone Developer";
				COPY_PHASE_STRIP = NO;
				DEBUG_INFORMATION_FORMAT = "dwarf-with-dsym";
				ENABLE_NS_ASSERTIONS = NO;
				ENABLE_STRICT_OBJC_MSGSEND = YES;
				GCC_C_LANGUAGE_STANDARD = gnu99;
				GCC_NO_COMMON_BLOCKS = YES;
				GCC_WARN_64_TO_32_BIT_CONVERSION = YES;
				GCC_WARN_ABOUT_RETURN_TYPE = YES_ERROR;
				GCC_WARN_UNDECLARED_SELECTOR = YES;
				GCC_WARN_UNINITIALIZED_AUTOS = YES_AGGRESSIVE;
				GCC_WARN_UNUSED_FUNCTION = YES;
				GCC_WARN_UNUSED_VARIABLE = YES;
				IPHONEOS_DEPLOYMENT_TARGET = 9.1;
				MTL_ENABLE_DEBUG_INFO = NO;
				SDKROOT = iphoneos;
				TARGETED_DEVICE_FAMILY = "1,2";
				VALIDATE_PRODUCT = YES;
			};
			name = Release;
		};
		457BA0ED1BFBDCF600089442 /* Debug */ = {
			isa = XCBuildConfiguration;
			buildSettings = {
				ASSETCATALOG_COMPILER_APPICON_NAME = AppIcon;
				INFOPLIST_FILE = "ABA Gene Explorer/Info.plist";
				LD_RUNPATH_SEARCH_PATHS = "$(inherited) @executable_path/Frameworks";
				PRODUCT_BUNDLE_IDENTIFIER = "com.freshpeach.ABA-Gene-Explorer";
				PRODUCT_NAME = "$(TARGET_NAME)";
			};
			name = Debug;
		};
		457BA0EE1BFBDCF600089442 /* Release */ = {
			isa = XCBuildConfiguration;
			buildSettings = {
				ASSETCATALOG_COMPILER_APPICON_NAME = AppIcon;
				INFOPLIST_FILE = "ABA Gene Explorer/Info.plist";
				LD_RUNPATH_SEARCH_PATHS = "$(inherited) @executable_path/Frameworks";
				PRODUCT_BUNDLE_IDENTIFIER = "com.freshpeach.ABA-Gene-Explorer";
				PRODUCT_NAME = "$(TARGET_NAME)";
			};
			name = Release;
		};
/* End XCBuildConfiguration section */

/* Begin XCConfigurationList section */
		457BA0D01BFBDCF600089442 /* Build configuration list for PBXProject "ABA Gene Explorer" */ = {
			isa = XCConfigurationList;
			buildConfigurations = (
				457BA0EA1BFBDCF600089442 /* Debug */,
				457BA0EB1BFBDCF600089442 /* Release */,
			);
			defaultConfigurationIsVisible = 0;
			defaultConfigurationName = Release;
		};
		457BA0EC1BFBDCF600089442 /* Build configuration list for PBXNativeTarget "ABA Gene Explorer" */ = {
			isa = XCConfigurationList;
			buildConfigurations = (
				457BA0ED1BFBDCF600089442 /* Debug */,
				457BA0EE1BFBDCF600089442 /* Release */,
			);
			defaultConfigurationIsVisible = 0;
		};
/* End XCConfigurationList section */
	};
	rootObject = 457BA0CD1BFBDCF600089442 /* Project object */;
}
